
Microsoft Visual Studio Solution File, Format Version 12.00
# Visual Studio Version 17
VisualStudioVersion = 17.0.32002.185
MinimumVisualStudioVersion = 10.0.40219.1
Project("{F2A71F9B-5D33-465A-A702-920D77279786}") = "Owl.Edge.WebDriver", "Owl.Edge.WebDriver\Owl.Edge.WebDriver.fsproj", "{E99E207A-04CA-4073-ACC7-53DE0CFAD5FE}"
EndProject
Project("{F2A71F9B-5D33-465A-A702-920D77279786}") = "Owl.Edge.WebDriver.Console", "Owl.Edge.WebDriver.Console\Owl.Edge.WebDriver.Console.fsproj", "{2CD43202-815D-49F2-A2E5-445C5F9256F8}"
EndProject
Global
	GlobalSection(SolutionConfigurationPlatforms) = preSolution
		Debug|Any CPU = Debug|Any CPU
		Release|Any CPU = Release|Any CPU
	EndGlobalSection
	GlobalSection(ProjectConfigurationPlatforms) = postSolution
		{E99E207A-04CA-4073-ACC7-53DE0CFAD5FE}.Debug|Any CPU.ActiveCfg = Debug|Any CPU
		{E99E207A-04CA-4073-ACC7-53DE0CFAD5FE}.Debug|Any CPU.Build.0 = Debug|Any CPU
		{E99E207A-04CA-4073-ACC7-53DE0CFAD5FE}.Release|Any CPU.ActiveCfg = Release|Any CPU
		{E99E207A-04CA-4073-ACC7-53DE0CFAD5FE}.Release|Any CPU.Build.0 = Release|Any CPU
		{2CD43202-815D-49F2-A2E5-445C5F9256F8}.Debug|Any CPU.ActiveCfg = Debug|Any CPU
		{2CD43202-815D-49F2-A2E5-445C5F9256F8}.Debug|Any CPU.Build.0 = Debug|Any CPU
		{2CD43202-815D-49F2-A2E5-445C5F9256F8}.Release|Any CPU.ActiveCfg = Release|Any CPU
		{2CD43202-815D-49F2-A2E5-445C5F9256F8}.Release|Any CPU.Build.0 = Release|Any CPU
	EndGlobalSection
	GlobalSection(SolutionProperties) = preSolution
		HideSolutionNode = FALSE
	EndGlobalSection
	GlobalSection(ExtensibilityGlobals) = postSolution
		SolutionGuid = {4A4FFE18-9E35-4399-B40F-EAC75C445DD0}
	EndGlobalSection
EndGlobal
